
Microsoft Visual Studio Solution File, Format Version 12.00
# Visual Studio Version 16
VisualStudioVersion = 16.0.30907.101
MinimumVisualStudioVersion = 10.0.40219.1
Project("{FAE04EC0-301F-11D3-BF4B-00C04F79EFBC}") = "Task3", "Task3.csproj", "{B0D939BD-3B8D-4D23-993B-A7D4DC8B5537}"
EndProject
Global
	GlobalSection(SolutionConfigurationPlatforms) = preSolution
		Debug|Any CPU = Debug|Any CPU
		Release|Any CPU = Release|Any CPU
	EndGlobalSection
	GlobalSection(ProjectConfigurationPlatforms) = postSolution
		{B0D939BD-3B8D-4D23-993B-A7D4DC8B5537}.Debug|Any CPU.ActiveCfg = Debug|Any CPU
		{B0D939BD-3B8D-4D23-993B-A7D4DC8B5537}.Debug|Any CPU.Build.0 = Debug|Any CPU
		{B0D939BD-3B8D-4D23-993B-A7D4DC8B5537}.Release|Any CPU.ActiveCfg = Release|Any CPU
		{B0D939BD-3B8D-4D23-993B-A7D4DC8B5537}.Release|Any CPU.Build.0 = Release|Any CPU
	EndGlobalSection
	GlobalSection(SolutionProperties) = preSolution
		HideSolutionNode = FALSE
	EndGlobalSection
	GlobalSection(ExtensibilityGlobals) = postSolution
		SolutionGuid = {3E364955-DC89-48B7-9724-F1056215F305}
	EndGlobalSection
EndGlobal
